// !$*UTF8*$!
{
	archiveVersion = 1;
	classes = {
	};
	objectVersion = 46;
	objects = {

/* Begin PBXBuildFile section */
		10951E511D509603008C6AE2 /* main.c in Sources */ = {isa = PBXBuildFile; fileRef = 10951E501D509603008C6AE2 /* main.c */; };
		10951E591D509610008C6AE2 /* MYIO.c in Sources */ = {isa = PBXBuildFile; fileRef = 10951E571D509610008C6AE2 /* MYIO.c */; };
/* End PBXBuildFile section */

/* Begin PBXCopyFilesBuildPhase section */
		10951E4B1D509603008C6AE2 /* CopyFiles */ = {
			isa = PBXCopyFilesBuildPhase;
			buildActionMask = 2147483647;
			dstPath = /usr/share/man/man1/;
			dstSubfolderSpec = 0;
			files = (
			);
			runOnlyForDeploymentPostprocessing = 1;
		};
/* End PBXCopyFilesBuildPhase section */

/* Begin PBXFileReference section */
		10951E4D1D509603008C6AE2 /* MyIO */ = {isa = PBXFileReference; explicitFileType = "compiled.mach-o.executable"; includeInIndex = 0; path = MyIO; sourceTree = BUILT_PRODUCTS_DIR; };
		10951E501D509603008C6AE2 /* main.c */ = {isa = PBXFileReference; lastKnownFileType = sourcecode.c.c; path = main.c; sourceTree = "<group>"; };
		10951E571D509610008C6AE2 /* MYIO.c */ = {isa = PBXFileReference; fileEncoding = 4; lastKnownFileType = sourcecode.c.c; path = MYIO.c; sourceTree = "<group>"; };
		10951E581D509610008C6AE2 /* MYIO.h */ = {isa = PBXFileReference; fileEncoding = 4; lastKnownFileType = sourcecode.c.h; path = MYIO.h; sourceTree = "<group>"; };
/* End PBXFileReference section */

/* Begin PBXFrameworksBuildPhase section */
		10951E4A1D509603008C6AE2 /* Frameworks */ = {
			isa = PBXFrameworksBuildPhase;
			buildActionMask = 2147483647;
			files = (
			);
			runOnlyForDeploymentPostprocessing = 0;
		};
/* End PBXFrameworksBuildPhase section */

/* Begin PBXGroup section */
		10951E441D509603008C6AE2 = {
			isa = PBXGroup;
			children = (
				10951E4F1D509603008C6AE2 /* MyIO */,
				10951E4E1D509603008C6AE2 /* Products */,
			);
			sourceTree = "<group>";
		};
		10951E4E1D509603008C6AE2 /* Products */ = {
			isa = PBXGroup;
			children = (
				10951E4D1D509603008C6AE2 /* MyIO */,
			);
			name = Products;
			sourceTree = "<group>";
		};
		10951E4F1D509603008C6AE2 /* MyIO */ = {
			isa = PBXGroup;
			children = (
				10951E501D509603008C6AE2 /* main.c */,
				10951E571D509610008C6AE2 /* MYIO.c */,
				10951E581D509610008C6AE2 /* MYIO.h */,
			);
			path = MyIO;
			sourceTree = "<group>";
		};
/* End PBXGroup section */

/* Begin PBXNativeTarget section */
		10951E4C1D509603008C6AE2 /* MyIO */ = {
			isa = PBXNativeTarget;
			buildConfigurationList = 10951E541D509603008C6AE2 /* Build configuration list for PBXNativeTarget "MyIO" */;
			buildPhases = (
				10951E491D509603008C6AE2 /* Sources */,
				10951E4A1D509603008C6AE2 /* Frameworks */,
				10951E4B1D509603008C6AE2 /* CopyFiles */,
			);
			buildRules = (
			);
			dependencies = (
			);
			name = MyIO;
			productName = MyIO;
			productReference = 10951E4D1D509603008C6AE2 /* MyIO */;
			productType = "com.apple.product-type.tool";
		};
/* End PBXNativeTarget section */

/* Begin PBXProject section */
		10951E451D509603008C6AE2 /* Project object */ = {
			isa = PBXProject;
			attributes = {
				LastUpgradeCheck = 0730;
				ORGANIZATIONNAME = "陈志浩";
				TargetAttributes = {
					10951E4C1D509603008C6AE2 = {
						CreatedOnToolsVersion = 7.3.1;
					};
				};
			};
			buildConfigurationList = 10951E481D509603008C6AE2 /* Build configuration list for PBXProject "MyIO" */;
			compatibilityVersion = "Xcode 3.2";
			developmentRegion = English;
			hasScannedForEncodings = 0;
			knownRegions = (
				en,
			);
			mainGroup = 10951E441D509603008C6AE2;
			productRefGroup = 10951E4E1D509603008C6AE2 /* Products */;
			projectDirPath = "";
			projectRoot = "";
			targets = (
				10951E4C1D509603008C6AE2 /* MyIO */,
			);
		};
/* End PBXProject section */

/* Begin PBXSourcesBuildPhase section */
		10951E491D509603008C6AE2 /* Sources */ = {
			isa = PBXSourcesBuildPhase;
			buildActionMask = 2147483647;
			files = (
				10951E511D509603008C6AE2 /* main.c in Sources */,
				10951E591D509610008C6AE2 /* MYIO.c in Sources */,
			);
			runOnlyForDeploymentPostprocessing = 0;
		};
/* End PBXSourcesBuildPhase section */

/* Begin XCBuildConfiguration section */
		10951E521D509603008C6AE2 /* Debug */ = {
			isa = XCBuildConfiguration;
			buildSettings = {
				ALWAYS_SEARCH_USER_PATHS = NO;
				CLANG_ANALYZER_NONNULL = YES;
				CLANG_CXX_LANGUAGE_STANDARD = "gnu++0x";
				CLANG_CXX_LIBRARY = "libc++";
				CLANG_ENABLE_MODULES = YES;
				CLANG_ENABLE_OBJC_ARC = YES;
				CLANG_WARN_BOOL_CONVERSION = YES;
				CLANG_WARN_CONSTANT_CONVERSION = YES;
				CLANG_WARN_DIRECT_OBJC_ISA_USAGE = YES_ERROR;
				CLANG_WARN_EMPTY_BODY = YES;
				CLANG_WARN_ENUM_CONVERSION = YES;
				CLANG_WARN_INT_CONVERSION = YES;
				CLANG_WARN_OBJC_ROOT_CLASS = YES_ERROR;
				CLANG_WARN_UNREACHABLE_CODE = YES;
				CLANG_WARN__DUPLICATE_METHOD_MATCH = YES;
				CODE_SIGN_IDENTITY = "-";
				COPY_PHASE_STRIP = NO;
				DEBUG_INFORMATION_FORMAT = dwarf;
				ENABLE_STRICT_OBJC_MSGSEND = YES;
				ENABLE_TESTABILITY = YES;
				GCC_C_LANGUAGE_STANDARD = gnu99;
				GCC_DYNAMIC_NO_PIC = NO;
				GCC_NO_COMMON_BLOCKS = YES;
				GCC_OPTIMIZATION_LEVEL = 0;
				GCC_PREPROCESSOR_DEFINITIONS = (
					"DEBUG=1",
					"$(inherited)",
				);
				GCC_WARN_64_TO_32_BIT_CONVERSION = YES;
				GCC_WARN_ABOUT_RETURN_TYPE = YES_ERROR;
				GCC_WARN_UNDECLARED_SELECTOR = YES;
				GCC_WARN_UNINITIALIZED_AUTOS = YES_AGGRESSIVE;
				GCC_WARN_UNUSED_FUNCTION = YES;
				GCC_WARN_UNUSED_VARIABLE = YES;
				MACOSX_DEPLOYMENT_TARGET = 10.11;
				MTL_ENABLE_DEBUG_INFO = YES;
				ONLY_ACTIVE_ARCH = YES;
				SDKROOT = macosx;
			};
			name = Debug;
		};
		10951E531D509603008C6AE2 /* Release */ = {
			isa = XCBuildConfiguration;
			buildSettings = {
				ALWAYS_SEARCH_USER_PATHS = NO;
				CLANG_ANALYZER_NONNULL = YES;
				CLANG_CXX_LANGUAGE_STANDARD = "gnu++0x";
				CLANG_CXX_LIBRARY = "libc++";
				CLANG_ENABLE_MODULES = YES;
				CLANG_ENABLE_OBJC_ARC = YES;
				CLANG_WARN_BOOL_CONVERSION = YES;
				CLANG_WARN_CONSTANT_CONVERSION = YES;
				CLANG_WARN_DIRECT_OBJC_ISA_USAGE = YES_ERROR;
				CLANG_WARN_EMPTY_BODY = YES;
				CLANG_WARN_ENUM_CONVERSION = YES;
				CLANG_WARN_INT_CONVERSION = YES;
				CLANG_WARN_OBJC_ROOT_CLASS = YES_ERROR;
				CLANG_WARN_UNREACHABLE_CODE = YES;
				CLANG_WARN__DUPLICATE_METHOD_MATCH = YES;
				CODE_SIGN_IDENTITY = "-";
				COPY_PHASE_STRIP = NO;
				DEBUG_INFORMATION_FORMAT = "dwarf-with-dsym";
				ENABLE_NS_ASSERTIONS = NO;
				ENABLE_STRICT_OBJC_MSGSEND = YES;
				GCC_C_LANGUAGE_STANDARD = gnu99;
				GCC_NO_COMMON_BLOCKS = YES;
				GCC_WARN_64_TO_32_BIT_CONVERSION = YES;
				GCC_WARN_ABOUT_RETURN_TYPE = YES_ERROR;
				GCC_WARN_UNDECLARED_SELECTOR = YES;
				GCC_WARN_UNINITIALIZED_AUTOS = YES_AGGRESSIVE;
				GCC_WARN_UNUSED_FUNCTION = YES;
				GCC_WARN_UNUSED_VARIABLE = YES;
				MACOSX_DEPLOYMENT_TARGET = 10.11;
				MTL_ENABLE_DEBUG_INFO = NO;
				SDKROOT = macosx;
			};
			name = Release;
		};
		10951E551D509603008C6AE2 /* Debug */ = {
			isa = XCBuildConfiguration;
			buildSettings = {
				PRODUCT_NAME = "$(TARGET_NAME)";
			};
			name = Debug;
		};
		10951E561D509603008C6AE2 /* Release */ = {
			isa = XCBuildConfiguration;
			buildSettings = {
				PRODUCT_NAME = "$(TARGET_NAME)";
			};
			name = Release;
		};
/* End XCBuildConfiguration section */

/* Begin XCConfigurationList section */
		10951E481D509603008C6AE2 /* Build configuration list for PBXProject "MyIO" */ = {
			isa = XCConfigurationList;
			buildConfigurations = (
				10951E521D509603008C6AE2 /* Debug */,
				10951E531D509603008C6AE2 /* Release */,
			);
			defaultConfigurationIsVisible = 0;
			defaultConfigurationName = Release;
		};
		10951E541D509603008C6AE2 /* Build configuration list for PBXNativeTarget "MyIO" */ = {
			isa = XCConfigurationList;
			buildConfigurations = (
				10951E551D509603008C6AE2 /* Debug */,
				10951E561D509603008C6AE2 /* Release */,
			);
			defaultConfigurationIsVisible = 0;
		};
/* End XCConfigurationList section */
	};
	rootObject = 10951E451D509603008C6AE2 /* Project object */;
}
